
Microsoft Visual Studio Solution File, Format Version 12.00
# Visual Studio Version 16
VisualStudioVersion = 16.0.34407.143
MinimumVisualStudioVersion = 10.0.40219.1
Project("{8BC9CEB8-8B4A-11D0-8D11-00A0C91BC942}") = "GameServer", "GameServer\GameServer.vcxproj", "{283C4276-1C1D-4390-9E70-311501BC6986}"
EndProject
Project("{8BC9CEB8-8B4A-11D0-8D11-00A0C91BC942}") = "DummyClient", "DummyClient\DummyClient.vcxproj", "{DC86384B-7A20-4891-B91B-D3AE865EA7EB}"
EndProject
Project("{8BC9CEB8-8B4A-11D0-8D11-00A0C91BC942}") = "ServerCore", "ServerCore\ServerCore.vcxproj", "{61BA7BF5-4A99-4A6F-87A0-7B9FC574ACF3}"
EndProject
Global
	GlobalSection(SolutionConfigurationPlatforms) = preSolution
		Debug|x64 = Debug|x64
		Debug|x86 = Debug|x86
		Release|x64 = Release|x64
		Release|x86 = Release|x86
	EndGlobalSection
	GlobalSection(ProjectConfigurationPlatforms) = postSolution
		{283C4276-1C1D-4390-9E70-311501BC6986}.Debug|x64.ActiveCfg = Debug|x64
		{283C4276-1C1D-4390-9E70-311501BC6986}.Debug|x64.Build.0 = Debug|x64
		{283C4276-1C1D-4390-9E70-311501BC6986}.Debug|x86.ActiveCfg = Debug|Win32
		{283C4276-1C1D-4390-9E70-311501BC6986}.Debug|x86.Build.0 = Debug|Win32
		{283C4276-1C1D-4390-9E70-311501BC6986}.Release|x64.ActiveCfg = Release|x64
		{283C4276-1C1D-4390-9E70-311501BC6986}.Release|x64.Build.0 = Release|x64
		{283C4276-1C1D-4390-9E70-311501BC6986}.Release|x86.ActiveCfg = Release|Win32
		{283C4276-1C1D-4390-9E70-311501BC6986}.Release|x86.Build.0 = Release|Win32
		{DC86384B-7A20-4891-B91B-D3AE865EA7EB}.Debug|x64.ActiveCfg = Debug|x64
		{DC86384B-7A20-4891-B91B-D3AE865EA7EB}.Debug|x64.Build.0 = Debug|x64
		{DC86384B-7A20-4891-B91B-D3AE865EA7EB}.Debug|x86.ActiveCfg = Debug|Win32
		{DC86384B-7A20-4891-B91B-D3AE865EA7EB}.Debug|x86.Build.0 = Debug|Win32
		{DC86384B-7A20-4891-B91B-D3AE865EA7EB}.Release|x64.ActiveCfg = Release|x64
		{DC86384B-7A20-4891-B91B-D3AE865EA7EB}.Release|x64.Build.0 = Release|x64
		{DC86384B-7A20-4891-B91B-D3AE865EA7EB}.Release|x86.ActiveCfg = Release|Win32
		{DC86384B-7A20-4891-B91B-D3AE865EA7EB}.Release|x86.Build.0 = Release|Win32
		{61BA7BF5-4A99-4A6F-87A0-7B9FC574ACF3}.Debug|x64.ActiveCfg = Debug|x64
		{61BA7BF5-4A99-4A6F-87A0-7B9FC574ACF3}.Debug|x64.Build.0 = Debug|x64
		{61BA7BF5-4A99-4A6F-87A0-7B9FC574ACF3}.Debug|x86.ActiveCfg = Debug|Win32
		{61BA7BF5-4A99-4A6F-87A0-7B9FC574ACF3}.Debug|x86.Build.0 = Debug|Win32
		{61BA7BF5-4A99-4A6F-87A0-7B9FC574ACF3}.Release|x64.ActiveCfg = Release|x64
		{61BA7BF5-4A99-4A6F-87A0-7B9FC574ACF3}.Release|x64.Build.0 = Release|x64
		{61BA7BF5-4A99-4A6F-87A0-7B9FC574ACF3}.Release|x86.ActiveCfg = Release|Win32
		{61BA7BF5-4A99-4A6F-87A0-7B9FC574ACF3}.Release|x86.Build.0 = Release|Win32
	EndGlobalSection
	GlobalSection(SolutionProperties) = preSolution
		HideSolutionNode = FALSE
	EndGlobalSection
	GlobalSection(ExtensibilityGlobals) = postSolution
		SolutionGuid = {15451BDE-9B4B-4423-BAA1-8C22FC979809}
	EndGlobalSection
EndGlobal
